
Microsoft Visual Studio Solution File, Format Version 12.00
# Visual Studio Version 16
VisualStudioVersion = 16.0.31205.134
MinimumVisualStudioVersion = 10.0.40219.1
Project("{FAE04EC0-301F-11D3-BF4B-00C04F79EFBC}") = "EventLog", "EventLog\EventLog.csproj", "{C895A927-4B9D-4DD6-BEEA-CECE3A2692CF}"
EndProject
Global
	GlobalSection(SolutionConfigurationPlatforms) = preSolution
		Debug|Any CPU = Debug|Any CPU
		Release|Any CPU = Release|Any CPU
	EndGlobalSection
	GlobalSection(ProjectConfigurationPlatforms) = postSolution
		{C895A927-4B9D-4DD6-BEEA-CECE3A2692CF}.Debug|Any CPU.ActiveCfg = Debug|Any CPU
		{C895A927-4B9D-4DD6-BEEA-CECE3A2692CF}.Debug|Any CPU.Build.0 = Debug|Any CPU
		{C895A927-4B9D-4DD6-BEEA-CECE3A2692CF}.Release|Any CPU.ActiveCfg = Release|Any CPU
		{C895A927-4B9D-4DD6-BEEA-CECE3A2692CF}.Release|Any CPU.Build.0 = Release|Any CPU
	EndGlobalSection
	GlobalSection(SolutionProperties) = preSolution
		HideSolutionNode = FALSE
	EndGlobalSection
	GlobalSection(ExtensibilityGlobals) = postSolution
		SolutionGuid = {36B35A94-5269-472C-96F5-23B8A4407453}
	EndGlobalSection
EndGlobal
